
Microsoft Visual Studio Solution File, Format Version 12.00
# Visual Studio 15
VisualStudioVersion = 15.0.28307.271
MinimumVisualStudioVersion = 10.0.40219.1
Project("{8BC9CEB8-8B4A-11D0-8D11-00A0C91BC942}") = "TensorFlowCPU", "TensorFlowCPU\TensorFlowCPU.vcxproj", "{B38EEBDE-8045-4564-A19E-06DEF26A82B9}"
EndProject
Project("{8BC9CEB8-8B4A-11D0-8D11-00A0C91BC942}") = "TensorFlowGPU", "TensorFlowGPU\TensorFlowGPU.vcxproj", "{94FBADFF-7388-472C-A061-7FF390A7C30F}"
EndProject
Project("{8BC9CEB8-8B4A-11D0-8D11-00A0C91BC942}") = "TensorFlowARM", "TensorFlowARM\TensorFlowARM.vcxproj", "{3F95A97A-0E75-4350-9580-A39FE5E0089A}"
EndProject
Global
	GlobalSection(SolutionConfigurationPlatforms) = preSolution
		Debug|x64 = Debug|x64
		Debug|x86 = Debug|x86
		Release|x64 = Release|x64
		Release|x86 = Release|x86
	EndGlobalSection
	GlobalSection(ProjectConfigurationPlatforms) = postSolution
		{B38EEBDE-8045-4564-A19E-06DEF26A82B9}.Debug|x64.ActiveCfg = Debug|x64
		{B38EEBDE-8045-4564-A19E-06DEF26A82B9}.Debug|x64.Build.0 = Debug|x64
		{B38EEBDE-8045-4564-A19E-06DEF26A82B9}.Debug|x86.ActiveCfg = Debug|Win32
		{B38EEBDE-8045-4564-A19E-06DEF26A82B9}.Debug|x86.Build.0 = Debug|Win32
		{B38EEBDE-8045-4564-A19E-06DEF26A82B9}.Release|x64.ActiveCfg = Release|x64
		{B38EEBDE-8045-4564-A19E-06DEF26A82B9}.Release|x64.Build.0 = Release|x64
		{B38EEBDE-8045-4564-A19E-06DEF26A82B9}.Release|x86.ActiveCfg = Release|Win32
		{B38EEBDE-8045-4564-A19E-06DEF26A82B9}.Release|x86.Build.0 = Release|Win32
		{94FBADFF-7388-472C-A061-7FF390A7C30F}.Debug|x64.ActiveCfg = Debug|x64
		{94FBADFF-7388-472C-A061-7FF390A7C30F}.Debug|x64.Build.0 = Debug|x64
		{94FBADFF-7388-472C-A061-7FF390A7C30F}.Debug|x86.ActiveCfg = Debug|Win32
		{94FBADFF-7388-472C-A061-7FF390A7C30F}.Debug|x86.Build.0 = Debug|Win32
		{94FBADFF-7388-472C-A061-7FF390A7C30F}.Release|x64.ActiveCfg = Release|x64
		{94FBADFF-7388-472C-A061-7FF390A7C30F}.Release|x64.Build.0 = Release|x64
		{94FBADFF-7388-472C-A061-7FF390A7C30F}.Release|x86.ActiveCfg = Release|Win32
		{94FBADFF-7388-472C-A061-7FF390A7C30F}.Release|x86.Build.0 = Release|Win32
		{3F95A97A-0E75-4350-9580-A39FE5E0089A}.Debug|x64.ActiveCfg = Debug|x64
		{3F95A97A-0E75-4350-9580-A39FE5E0089A}.Debug|x64.Build.0 = Debug|x64
		{3F95A97A-0E75-4350-9580-A39FE5E0089A}.Debug|x86.ActiveCfg = Debug|Win32
		{3F95A97A-0E75-4350-9580-A39FE5E0089A}.Debug|x86.Build.0 = Debug|Win32
		{3F95A97A-0E75-4350-9580-A39FE5E0089A}.Release|x64.ActiveCfg = Release|x64
		{3F95A97A-0E75-4350-9580-A39FE5E0089A}.Release|x64.Build.0 = Release|x64
		{3F95A97A-0E75-4350-9580-A39FE5E0089A}.Release|x86.ActiveCfg = Release|Win32
		{3F95A97A-0E75-4350-9580-A39FE5E0089A}.Release|x86.Build.0 = Release|Win32
	EndGlobalSection
	GlobalSection(SolutionProperties) = preSolution
		HideSolutionNode = FALSE
	EndGlobalSection
	GlobalSection(ExtensibilityGlobals) = postSolution
		SolutionGuid = {76C83768-9F39-4BE1-AF00-74762728E288}
	EndGlobalSection
EndGlobal
