
Microsoft Visual Studio Solution File, Format Version 12.00
# Visual Studio 15
VisualStudioVersion = 15.0.28307.271
MinimumVisualStudioVersion = 10.0.40219.1
Project("{8BC9CEB8-8B4A-11D0-8D11-00A0C91BC942}") = "TensorFlowCPU", "TensorFlowCPU\TensorFlowCPU.vcxproj", "{B38EEBDE-8045-4564-A19E-06DEF26A82B9}"
EndProject
Project("{8BC9CEB8-8B4A-11D0-8D11-00A0C91BC942}") = "TensorFlowGPU", "TensorFlowGPU\TensorFlowGPU.vcxproj", "{94FBADFF-7388-472C-A061-7FF390A7C30F}"
EndProject
Project("{8BC9CEB8-8B4A-11D0-8D11-00A0C91BC942}") = "TensorFlowARM", "TensorFlowARM\TensorFlowARM.vcxproj", "{CC91CD02-AB94-4AE6-9AD5-4433999237FC}"
EndProject
Project("{FAE04EC0-301F-11D3-BF4B-00C04F79EFBC}") = "ExampleTest", "ExampleTest\ExampleTest.csproj", "{0B7CAAC5-EF20-4112-9579-8FCB8904FFDE}"
EndProject
Global
	GlobalSection(SolutionConfigurationPlatforms) = preSolution
		Debug|Any CPU = Debug|Any CPU
		Debug|ARM = Debug|ARM
		Debug|ARM64 = Debug|ARM64
		Debug|x64 = Debug|x64
		Debug|x86 = Debug|x86
		Release|Any CPU = Release|Any CPU
		Release|ARM = Release|ARM
		Release|ARM64 = Release|ARM64
		Release|x64 = Release|x64
		Release|x86 = Release|x86
	EndGlobalSection
	GlobalSection(ProjectConfigurationPlatforms) = postSolution
		{B38EEBDE-8045-4564-A19E-06DEF26A82B9}.Debug|Any CPU.ActiveCfg = Release|x64
		{B38EEBDE-8045-4564-A19E-06DEF26A82B9}.Debug|Any CPU.Build.0 = Release|x64
		{B38EEBDE-8045-4564-A19E-06DEF26A82B9}.Debug|ARM.ActiveCfg = Release|x64
		{B38EEBDE-8045-4564-A19E-06DEF26A82B9}.Debug|ARM.Build.0 = Release|x64
		{B38EEBDE-8045-4564-A19E-06DEF26A82B9}.Debug|ARM64.ActiveCfg = Release|x64
		{B38EEBDE-8045-4564-A19E-06DEF26A82B9}.Debug|ARM64.Build.0 = Release|x64
		{B38EEBDE-8045-4564-A19E-06DEF26A82B9}.Debug|x64.ActiveCfg = Release|x64
		{B38EEBDE-8045-4564-A19E-06DEF26A82B9}.Debug|x64.Build.0 = Release|x64
		{B38EEBDE-8045-4564-A19E-06DEF26A82B9}.Debug|x86.ActiveCfg = Release|x64
		{B38EEBDE-8045-4564-A19E-06DEF26A82B9}.Debug|x86.Build.0 = Release|x64
		{B38EEBDE-8045-4564-A19E-06DEF26A82B9}.Release|Any CPU.ActiveCfg = Release|x64
		{B38EEBDE-8045-4564-A19E-06DEF26A82B9}.Release|ARM.ActiveCfg = Release|x64
		{B38EEBDE-8045-4564-A19E-06DEF26A82B9}.Release|ARM64.ActiveCfg = Release|x64
		{B38EEBDE-8045-4564-A19E-06DEF26A82B9}.Release|x64.ActiveCfg = Release|x64
		{B38EEBDE-8045-4564-A19E-06DEF26A82B9}.Release|x64.Build.0 = Release|x64
		{B38EEBDE-8045-4564-A19E-06DEF26A82B9}.Release|x86.ActiveCfg = Release|x64
		{94FBADFF-7388-472C-A061-7FF390A7C30F}.Debug|Any CPU.ActiveCfg = Debug|Win32
		{94FBADFF-7388-472C-A061-7FF390A7C30F}.Debug|ARM.ActiveCfg = Debug|Win32
		{94FBADFF-7388-472C-A061-7FF390A7C30F}.Debug|ARM64.ActiveCfg = Debug|Win32
		{94FBADFF-7388-472C-A061-7FF390A7C30F}.Debug|x64.ActiveCfg = Debug|x64
		{94FBADFF-7388-472C-A061-7FF390A7C30F}.Debug|x64.Build.0 = Debug|x64
		{94FBADFF-7388-472C-A061-7FF390A7C30F}.Debug|x86.ActiveCfg = Debug|Win32
		{94FBADFF-7388-472C-A061-7FF390A7C30F}.Debug|x86.Build.0 = Debug|Win32
		{94FBADFF-7388-472C-A061-7FF390A7C30F}.Release|Any CPU.ActiveCfg = Release|Win32
		{94FBADFF-7388-472C-A061-7FF390A7C30F}.Release|ARM.ActiveCfg = Release|Win32
		{94FBADFF-7388-472C-A061-7FF390A7C30F}.Release|ARM64.ActiveCfg = Release|Win32
		{94FBADFF-7388-472C-A061-7FF390A7C30F}.Release|x64.ActiveCfg = Release|x64
		{94FBADFF-7388-472C-A061-7FF390A7C30F}.Release|x64.Build.0 = Release|x64
		{94FBADFF-7388-472C-A061-7FF390A7C30F}.Release|x86.ActiveCfg = Release|Win32
		{94FBADFF-7388-472C-A061-7FF390A7C30F}.Release|x86.Build.0 = Release|Win32
		{CC91CD02-AB94-4AE6-9AD5-4433999237FC}.Debug|Any CPU.ActiveCfg = Debug|x86
		{CC91CD02-AB94-4AE6-9AD5-4433999237FC}.Debug|ARM.ActiveCfg = Release|ARM
		{CC91CD02-AB94-4AE6-9AD5-4433999237FC}.Debug|ARM.Build.0 = Release|ARM
		{CC91CD02-AB94-4AE6-9AD5-4433999237FC}.Debug|ARM64.ActiveCfg = Release|ARM64
		{CC91CD02-AB94-4AE6-9AD5-4433999237FC}.Debug|ARM64.Build.0 = Release|ARM64
		{CC91CD02-AB94-4AE6-9AD5-4433999237FC}.Debug|x64.ActiveCfg = Release|x64
		{CC91CD02-AB94-4AE6-9AD5-4433999237FC}.Debug|x64.Build.0 = Release|x64
		{CC91CD02-AB94-4AE6-9AD5-4433999237FC}.Debug|x86.ActiveCfg = Release|x86
		{CC91CD02-AB94-4AE6-9AD5-4433999237FC}.Debug|x86.Build.0 = Release|x86
		{CC91CD02-AB94-4AE6-9AD5-4433999237FC}.Release|Any CPU.ActiveCfg = Release|x86
		{CC91CD02-AB94-4AE6-9AD5-4433999237FC}.Release|ARM.ActiveCfg = Release|ARM
		{CC91CD02-AB94-4AE6-9AD5-4433999237FC}.Release|ARM.Build.0 = Release|ARM
		{CC91CD02-AB94-4AE6-9AD5-4433999237FC}.Release|ARM64.ActiveCfg = Release|ARM64
		{CC91CD02-AB94-4AE6-9AD5-4433999237FC}.Release|ARM64.Build.0 = Release|ARM64
		{CC91CD02-AB94-4AE6-9AD5-4433999237FC}.Release|x64.ActiveCfg = Release|x64
		{CC91CD02-AB94-4AE6-9AD5-4433999237FC}.Release|x64.Build.0 = Release|x64
		{CC91CD02-AB94-4AE6-9AD5-4433999237FC}.Release|x86.ActiveCfg = Release|x86
		{CC91CD02-AB94-4AE6-9AD5-4433999237FC}.Release|x86.Build.0 = Release|x86
		{0B7CAAC5-EF20-4112-9579-8FCB8904FFDE}.Debug|Any CPU.ActiveCfg = Debug|Any CPU
		{0B7CAAC5-EF20-4112-9579-8FCB8904FFDE}.Debug|Any CPU.Build.0 = Debug|Any CPU
		{0B7CAAC5-EF20-4112-9579-8FCB8904FFDE}.Debug|Any CPU.Deploy.0 = Debug|Any CPU
		{0B7CAAC5-EF20-4112-9579-8FCB8904FFDE}.Debug|ARM.ActiveCfg = Debug|Any CPU
		{0B7CAAC5-EF20-4112-9579-8FCB8904FFDE}.Debug|ARM.Build.0 = Debug|Any CPU
		{0B7CAAC5-EF20-4112-9579-8FCB8904FFDE}.Debug|ARM.Deploy.0 = Debug|Any CPU
		{0B7CAAC5-EF20-4112-9579-8FCB8904FFDE}.Debug|ARM64.ActiveCfg = Debug|Any CPU
		{0B7CAAC5-EF20-4112-9579-8FCB8904FFDE}.Debug|ARM64.Build.0 = Debug|Any CPU
		{0B7CAAC5-EF20-4112-9579-8FCB8904FFDE}.Debug|ARM64.Deploy.0 = Debug|Any CPU
		{0B7CAAC5-EF20-4112-9579-8FCB8904FFDE}.Debug|x64.ActiveCfg = Debug|Any CPU
		{0B7CAAC5-EF20-4112-9579-8FCB8904FFDE}.Debug|x64.Build.0 = Debug|Any CPU
		{0B7CAAC5-EF20-4112-9579-8FCB8904FFDE}.Debug|x64.Deploy.0 = Debug|Any CPU
		{0B7CAAC5-EF20-4112-9579-8FCB8904FFDE}.Debug|x86.ActiveCfg = Debug|Any CPU
		{0B7CAAC5-EF20-4112-9579-8FCB8904FFDE}.Debug|x86.Build.0 = Debug|Any CPU
		{0B7CAAC5-EF20-4112-9579-8FCB8904FFDE}.Debug|x86.Deploy.0 = Debug|Any CPU
		{0B7CAAC5-EF20-4112-9579-8FCB8904FFDE}.Release|Any CPU.ActiveCfg = Release|Any CPU
		{0B7CAAC5-EF20-4112-9579-8FCB8904FFDE}.Release|Any CPU.Build.0 = Release|Any CPU
		{0B7CAAC5-EF20-4112-9579-8FCB8904FFDE}.Release|Any CPU.Deploy.0 = Release|Any CPU
		{0B7CAAC5-EF20-4112-9579-8FCB8904FFDE}.Release|ARM.ActiveCfg = Release|Any CPU
		{0B7CAAC5-EF20-4112-9579-8FCB8904FFDE}.Release|ARM.Build.0 = Release|Any CPU
		{0B7CAAC5-EF20-4112-9579-8FCB8904FFDE}.Release|ARM.Deploy.0 = Release|Any CPU
		{0B7CAAC5-EF20-4112-9579-8FCB8904FFDE}.Release|ARM64.ActiveCfg = Release|Any CPU
		{0B7CAAC5-EF20-4112-9579-8FCB8904FFDE}.Release|ARM64.Build.0 = Release|Any CPU
		{0B7CAAC5-EF20-4112-9579-8FCB8904FFDE}.Release|ARM64.Deploy.0 = Release|Any CPU
		{0B7CAAC5-EF20-4112-9579-8FCB8904FFDE}.Release|x64.ActiveCfg = Release|Any CPU
		{0B7CAAC5-EF20-4112-9579-8FCB8904FFDE}.Release|x64.Build.0 = Release|Any CPU
		{0B7CAAC5-EF20-4112-9579-8FCB8904FFDE}.Release|x64.Deploy.0 = Release|Any CPU
		{0B7CAAC5-EF20-4112-9579-8FCB8904FFDE}.Release|x86.ActiveCfg = Release|Any CPU
		{0B7CAAC5-EF20-4112-9579-8FCB8904FFDE}.Release|x86.Build.0 = Release|Any CPU
		{0B7CAAC5-EF20-4112-9579-8FCB8904FFDE}.Release|x86.Deploy.0 = Release|Any CPU
	EndGlobalSection
	GlobalSection(SolutionProperties) = preSolution
		HideSolutionNode = FALSE
	EndGlobalSection
	GlobalSection(ExtensibilityGlobals) = postSolution
		SolutionGuid = {76C83768-9F39-4BE1-AF00-74762728E288}
	EndGlobalSection
EndGlobal
